# THIS IS AN AUTOGENERATED FILE. DO NOT EDIT THIS FILE DIRECTLY.
# yarn lockfile v1


css-reset-and-normalize@^2.1.0:
  version "2.1.0"
  resolved "https://registry.yarnpkg.com/css-reset-and-normalize/-/css-reset-and-normalize-2.1.0.tgz#c65b643079191161a2d0b719b0b072ed86c4eec6"
  integrity sha512-oa+LI5tKye7Uf+AV8GhM+3bRN9SvZzThupr9SXuPRYKKPho+Qy2BWW5jRGc9qIOWhJvCT/oiw9P5IL+4ma8dfw==
